
Microsoft Visual Studio Solution File, Format Version 12.00
# Visual Studio Version 17
VisualStudioVersion = 17.10.35004.147
MinimumVisualStudioVersion = 10.0.40219.1
Project("{FAE04EC0-301F-11D3-BF4B-00C04F79EFBC}") = "HouseExcercise", "HouseExcercise.csproj", "{F4B0E297-F89F-42FA-8087-9239AC80644A}"
EndProject
Global
	GlobalSection(SolutionConfigurationPlatforms) = preSolution
		Debug|Any CPU = Debug|Any CPU
		Release|Any CPU = Release|Any CPU
	EndGlobalSection
	GlobalSection(ProjectConfigurationPlatforms) = postSolution
		{F4B0E297-F89F-42FA-8087-9239AC80644A}.Debug|Any CPU.ActiveCfg = Debug|Any CPU
		{F4B0E297-F89F-42FA-8087-9239AC80644A}.Debug|Any CPU.Build.0 = Debug|Any CPU
		{F4B0E297-F89F-42FA-8087-9239AC80644A}.Release|Any CPU.ActiveCfg = Release|Any CPU
		{F4B0E297-F89F-42FA-8087-9239AC80644A}.Release|Any CPU.Build.0 = Release|Any CPU
	EndGlobalSection
	GlobalSection(SolutionProperties) = preSolution
		HideSolutionNode = FALSE
	EndGlobalSection
	GlobalSection(ExtensibilityGlobals) = postSolution
		SolutionGuid = {A40D730A-372D-4ADF-B89E-900CF8A8199C}
	EndGlobalSection
EndGlobal
